
Microsoft Visual Studio Solution File, Format Version 12.00
# Visual Studio Version 16
VisualStudioVersion = 16.0.30523.141
MinimumVisualStudioVersion = 10.0.40219.1
Project("{8BC9CEB8-8B4A-11D0-8D11-00A0C91BC942}") = "AddressSanitizer", "AddressSanitizer.vcxproj", "{7E567034-6B3E-45F2-AB70-9CC55E1B55E6}"
EndProject
Project("{8BC9CEB8-8B4A-11D0-8D11-00A0C91BC942}") = "UseAfterFree", "UseAfterFree.vcxproj", "{AB335FC1-E25D-47B6-8832-D41B14629E90}"
EndProject
Global
	GlobalSection(SolutionConfigurationPlatforms) = preSolution
		Debug|x64 = Debug|x64
		Debug|x86 = Debug|x86
		Release|x64 = Release|x64
		Release|x86 = Release|x86
	EndGlobalSection
	GlobalSection(ProjectConfigurationPlatforms) = postSolution
		{7E567034-6B3E-45F2-AB70-9CC55E1B55E6}.Debug|x64.ActiveCfg = Debug|x64
		{7E567034-6B3E-45F2-AB70-9CC55E1B55E6}.Debug|x64.Build.0 = Debug|x64
		{7E567034-6B3E-45F2-AB70-9CC55E1B55E6}.Debug|x86.ActiveCfg = Debug|Win32
		{7E567034-6B3E-45F2-AB70-9CC55E1B55E6}.Debug|x86.Build.0 = Debug|Win32
		{7E567034-6B3E-45F2-AB70-9CC55E1B55E6}.Release|x64.ActiveCfg = Release|x64
		{7E567034-6B3E-45F2-AB70-9CC55E1B55E6}.Release|x64.Build.0 = Release|x64
		{7E567034-6B3E-45F2-AB70-9CC55E1B55E6}.Release|x86.ActiveCfg = Release|Win32
		{7E567034-6B3E-45F2-AB70-9CC55E1B55E6}.Release|x86.Build.0 = Release|Win32
		{AB335FC1-E25D-47B6-8832-D41B14629E90}.Debug|x64.ActiveCfg = Debug|x64
		{AB335FC1-E25D-47B6-8832-D41B14629E90}.Debug|x64.Build.0 = Debug|x64
		{AB335FC1-E25D-47B6-8832-D41B14629E90}.Debug|x86.ActiveCfg = Debug|Win32
		{AB335FC1-E25D-47B6-8832-D41B14629E90}.Debug|x86.Build.0 = Debug|Win32
		{AB335FC1-E25D-47B6-8832-D41B14629E90}.Release|x64.ActiveCfg = Release|x64
		{AB335FC1-E25D-47B6-8832-D41B14629E90}.Release|x64.Build.0 = Release|x64
		{AB335FC1-E25D-47B6-8832-D41B14629E90}.Release|x86.ActiveCfg = Release|Win32
		{AB335FC1-E25D-47B6-8832-D41B14629E90}.Release|x86.Build.0 = Release|Win32
	EndGlobalSection
	GlobalSection(SolutionProperties) = preSolution
		HideSolutionNode = FALSE
	EndGlobalSection
	GlobalSection(ExtensibilityGlobals) = postSolution
		SolutionGuid = {10DA5F77-EF1E-456C-996E-174517D0206C}
	EndGlobalSection
EndGlobal
